PODS:
  - IHProgressHUD (0.1.4)
  - IQKeyboardManager (6.5.11)
  - SnapKit (5.6.0)

DEPENDENCIES:
  - IHProgressHUD
  - IQKeyboardManager
  - SnapKit

SPEC REPOS:
  trunk:
    - IHProgressHUD
    - IQKeyboardManager
    - SnapKit

SPEC CHECKSUMS:
  IHProgressHUD: a01846bfbb581c761c79747c67b08387c3bdfae3
  IQKeyboardManager: ef43ce1ba1e5aaf4adf222c0a46f39761f246879
  SnapKit: e01d52ebb8ddbc333eefe2132acf85c8227d9c25

PODFILE CHECKSUM: e10f414dff9eb94c1050c1e02f390747b2d80f4f

COCOAPODS: 1.11.2
