{
  "pins" : [
    {
      "identity" : "ihprogresshud",
      "kind" : "remoteSourceControl",
      "location" : "https://github.com/Swiftify-Corp/IHProgressHUD",
      "state" : {
        "revision" : "c3e0cf90ba1b310073e841de7dc6ef0a2d4899e2",
        "version" : "0.1.8"
      }
    },
    {
      "identity" : "snapkit",
      "kind" : "remoteSourceControl",
      "location" : "https://github.com/SnapKit/SnapKit",
      "state" : {
        "revision" : "f222cbdf325885926566172f6f5f06af95473158",
        "version" : "5.6.0"
      }
    }
  ],
  "version" : 2
}
